
Microsoft Visual Studio Solution File, Format Version 12.00
# Visual Studio Version 16
VisualStudioVersion = 16.0.34031.81
MinimumVisualStudioVersion = 10.0.40219.1
Project("{FAE04EC0-301F-11D3-BF4B-00C04F79EFBC}") = "Prog6212Part1", "Prog6212Part1\Prog6212Part1.csproj", "{BA35360A-DEA9-49E4-AFE4-3B63A356D3FC}"
EndProject
Global
	GlobalSection(SolutionConfigurationPlatforms) = preSolution
		Debug|Any CPU = Debug|Any CPU
		Release|Any CPU = Release|Any CPU
	EndGlobalSection
	GlobalSection(ProjectConfigurationPlatforms) = postSolution
		{BA35360A-DEA9-49E4-AFE4-3B63A356D3FC}.Debug|Any CPU.ActiveCfg = Debug|Any CPU
		{BA35360A-DEA9-49E4-AFE4-3B63A356D3FC}.Debug|Any CPU.Build.0 = Debug|Any CPU
		{BA35360A-DEA9-49E4-AFE4-3B63A356D3FC}.Release|Any CPU.ActiveCfg = Release|Any CPU
		{BA35360A-DEA9-49E4-AFE4-3B63A356D3FC}.Release|Any CPU.Build.0 = Release|Any CPU
	EndGlobalSection
	GlobalSection(SolutionProperties) = preSolution
		HideSolutionNode = FALSE
	EndGlobalSection
	GlobalSection(ExtensibilityGlobals) = postSolution
		SolutionGuid = {B3748F7C-27E9-4CC1-8700-AD7D77FD035D}
	EndGlobalSection
EndGlobal
